
Microsoft Visual Studio Solution File, Format Version 12.00
# Visual Studio 15
VisualStudioVersion = 15.0.27428.2011
MinimumVisualStudioVersion = 10.0.40219.1
Project("{FAE04EC0-301F-11D3-BF4B-00C04F79EFBC}") = "BotFather", "BotFather\BotFather.csproj", "{0BEF1666-55DE-421D-BDDF-DDBBEC40C267}"
EndProject
Global
	GlobalSection(SolutionConfigurationPlatforms) = preSolution
		Debug|Any CPU = Debug|Any CPU
		Release|Any CPU = Release|Any CPU
	EndGlobalSection
	GlobalSection(ProjectConfigurationPlatforms) = postSolution
		{0BEF1666-55DE-421D-BDDF-DDBBEC40C267}.Debug|Any CPU.ActiveCfg = Debug|Any CPU
		{0BEF1666-55DE-421D-BDDF-DDBBEC40C267}.Debug|Any CPU.Build.0 = Debug|Any CPU
		{0BEF1666-55DE-421D-BDDF-DDBBEC40C267}.Release|Any CPU.ActiveCfg = Release|Any CPU
		{0BEF1666-55DE-421D-BDDF-DDBBEC40C267}.Release|Any CPU.Build.0 = Release|Any CPU
	EndGlobalSection
	GlobalSection(SolutionProperties) = preSolution
		HideSolutionNode = FALSE
	EndGlobalSection
	GlobalSection(ExtensibilityGlobals) = postSolution
		SolutionGuid = {22026F4D-0BD0-4D60-B8D6-7AC18B905053}
	EndGlobalSection
EndGlobal
